<Solution>
  <Configurations>
    <Platform Name="x64" />
    <Platform Name="x86" />
  </Configurations>
  <Folder Name="/Raw DirectX 12/">
    <Project Path="Initialization/Initialization.vcxproj" Id="58d61268-d713-4497-9e16-040c209aaf15" />
  </Folder>
  <Project Path="../Win32Apps/Win32Apps.vcxproj" Id="d5c1d345-8743-430e-a469-2429bf8db2b1" />
</Solution>
